
Microsoft Visual Studio Solution File, Format Version 12.00
# Visual Studio Version 16
VisualStudioVersion = 16.0.31313.79
MinimumVisualStudioVersion = 10.0.40219.1
Project("{9A19103F-16F7-4668-BE54-9A1E7A4F7556}") = "CRM.Business", "CRM.Business\CRM.Business.csproj", "{048757DE-BF4D-40EA-BE4F-068AC7B03E2D}"
EndProject
Project("{9A19103F-16F7-4668-BE54-9A1E7A4F7556}") = "CRM.DAL", "CRM.DAL\CRM.DAL.csproj", "{A4817D8A-AC60-43D6-9023-AEFB1EE1BAF7}"
	ProjectSection(ProjectDependencies) = postProject
		{B274BB36-C64D-49E3-A32A-120A0C375E90} = {B274BB36-C64D-49E3-A32A-120A0C375E90}
	EndProjectSection
EndProject
Project("{00D1A9C2-B5F0-4AF3-8072-F6C62B433612}") = "CRM.DB", "CRM.DB\CRM.DB.sqlproj", "{30F02FFE-3880-4CE9-9F31-5D5B78033DA8}"
EndProject
Project("{9A19103F-16F7-4668-BE54-9A1E7A4F7556}") = "CRM.API", "CRM.API\CRM.API.csproj", "{9B12F88B-EB80-4481-8C99-CACA5348BBE5}"
	ProjectSection(ProjectDependencies) = postProject
		{B274BB36-C64D-49E3-A32A-120A0C375E90} = {B274BB36-C64D-49E3-A32A-120A0C375E90}
	EndProjectSection
EndProject
Project("{9A19103F-16F7-4668-BE54-9A1E7A4F7556}") = "CRM.Core", "CRM.Core\CRM.Core.csproj", "{B274BB36-C64D-49E3-A32A-120A0C375E90}"
EndProject
Global
	GlobalSection(SolutionConfigurationPlatforms) = preSolution
		Debug|Any CPU = Debug|Any CPU
		Release|Any CPU = Release|Any CPU
	EndGlobalSection
	GlobalSection(ProjectConfigurationPlatforms) = postSolution
		{048757DE-BF4D-40EA-BE4F-068AC7B03E2D}.Debug|Any CPU.ActiveCfg = Debug|Any CPU
		{048757DE-BF4D-40EA-BE4F-068AC7B03E2D}.Debug|Any CPU.Build.0 = Debug|Any CPU
		{048757DE-BF4D-40EA-BE4F-068AC7B03E2D}.Release|Any CPU.ActiveCfg = Release|Any CPU
		{048757DE-BF4D-40EA-BE4F-068AC7B03E2D}.Release|Any CPU.Build.0 = Release|Any CPU
		{A4817D8A-AC60-43D6-9023-AEFB1EE1BAF7}.Debug|Any CPU.ActiveCfg = Debug|Any CPU
		{A4817D8A-AC60-43D6-9023-AEFB1EE1BAF7}.Debug|Any CPU.Build.0 = Debug|Any CPU
		{A4817D8A-AC60-43D6-9023-AEFB1EE1BAF7}.Release|Any CPU.ActiveCfg = Release|Any CPU
		{A4817D8A-AC60-43D6-9023-AEFB1EE1BAF7}.Release|Any CPU.Build.0 = Release|Any CPU
		{30F02FFE-3880-4CE9-9F31-5D5B78033DA8}.Debug|Any CPU.ActiveCfg = Debug|Any CPU
		{30F02FFE-3880-4CE9-9F31-5D5B78033DA8}.Debug|Any CPU.Build.0 = Debug|Any CPU
		{30F02FFE-3880-4CE9-9F31-5D5B78033DA8}.Debug|Any CPU.Deploy.0 = Debug|Any CPU
		{30F02FFE-3880-4CE9-9F31-5D5B78033DA8}.Release|Any CPU.ActiveCfg = Release|Any CPU
		{30F02FFE-3880-4CE9-9F31-5D5B78033DA8}.Release|Any CPU.Build.0 = Release|Any CPU
		{30F02FFE-3880-4CE9-9F31-5D5B78033DA8}.Release|Any CPU.Deploy.0 = Release|Any CPU
		{9B12F88B-EB80-4481-8C99-CACA5348BBE5}.Debug|Any CPU.ActiveCfg = Debug|Any CPU
		{9B12F88B-EB80-4481-8C99-CACA5348BBE5}.Debug|Any CPU.Build.0 = Debug|Any CPU
		{9B12F88B-EB80-4481-8C99-CACA5348BBE5}.Release|Any CPU.ActiveCfg = Release|Any CPU
		{9B12F88B-EB80-4481-8C99-CACA5348BBE5}.Release|Any CPU.Build.0 = Release|Any CPU
		{B274BB36-C64D-49E3-A32A-120A0C375E90}.Debug|Any CPU.ActiveCfg = Debug|Any CPU
		{B274BB36-C64D-49E3-A32A-120A0C375E90}.Debug|Any CPU.Build.0 = Debug|Any CPU
		{B274BB36-C64D-49E3-A32A-120A0C375E90}.Release|Any CPU.ActiveCfg = Release|Any CPU
		{B274BB36-C64D-49E3-A32A-120A0C375E90}.Release|Any CPU.Build.0 = Release|Any CPU
	EndGlobalSection
	GlobalSection(SolutionProperties) = preSolution
		HideSolutionNode = FALSE
	EndGlobalSection
	GlobalSection(ExtensibilityGlobals) = postSolution
		SolutionGuid = {E9C0FD47-91DF-466B-841C-2C68A1DC34C9}
	EndGlobalSection
EndGlobal
